# This file is autogenerated, do not edit; changes may be undone by the next 'dep ensure'.


[[projects]]
  digest = "1:1d82405f30f13f12539bc10a480ac0c8e2a0852d95d568af38ee232a3f4e2d1b"
  name = "github.com/golang/protobuf"
  packages = [
    "jsonpb",
    "proto",
    "ptypes/struct",
  ]
  pruneopts = "UT"
  revision = "b5d812f8a3706043e23a9cd5babf2e5423744d30"
  version = "v1.3.1"

[[projects]]
  digest = "1:01d006f8524c37b8bb443e3c55982f77de7cd6904228124a58db78b2ebe5bc78"
  name = "github.com/twitchtv/twirp"
  packages = [
    "v6",
    "v6/ctxsetters",
    "v6/internal/contextkeys",
  ]
  pruneopts = "UT"
  revision = "56e37eaf1bf84d960415763f0c3e4d3b5b5094ad"
  source = "github.com/marwan-at-work/twirp"
  version = "v6.0.2"

[solve-meta]
  analyzer-name = "dep"
  analyzer-version = 1
  input-imports = [
    "github.com/golang/protobuf/jsonpb",
    "github.com/golang/protobuf/proto",
    "github.com/twitchtv/twirp/v6",
    "github.com/twitchtv/twirp/v6/ctxsetters",
  ]
  solver-name = "gps-cdcl"
  solver-version = 1
